
Microsoft Visual Studio Solution File, Format Version 12.00
# Visual Studio 15
VisualStudioVersion = 15.0.27703.2026
MinimumVisualStudioVersion = 10.0.40219.1
Project("{2150E333-8FDC-42A3-9474-1A3956D46DE8}") = "Macbeth", "Macbeth", "{6F95EA0D-994F-48AE-A38B-74E4A79B5CCC}"
	ProjectSection(SolutionItems) = preProject
		Act1Scene1.html = Act1Scene1.html
		Act1Scene2.html = Act1Scene2.html
		Act1Scene3.html = Act1Scene3.html
		Act1Scene4.html = Act1Scene4.html
		Act1Scene5.html = Act1Scene5.html
		Act1Scene6.html = Act1Scene6.html
		Act1Scene7.html = Act1Scene7.html
		Act2Scene1.html = Act2Scene1.html
		Act2Scene2.html = Act2Scene2.html
		Act2Scene3.html = Act2Scene3.html
		Act2Scene4.html = Act2Scene4.html
		Act3Scene1.html = Act3Scene1.html
		Act3Scene2.html = Act3Scene2.html
		Act3Scene3.html = Act3Scene3.html
		Act3Scene4.html = Act3Scene4.html
		Act3Scene5.html = Act3Scene5.html
		Act3Scene6.html = Act3Scene6.html
		Act4Scene1.html = Act4Scene1.html
		Act4Scene2.html = Act4Scene2.html
		Act4Scene3.html = Act4Scene3.html
		Act5Scene1.html = Act5Scene1.html
		Act5Scene2.html = Act5Scene2.html
		Act5Scene3.html = Act5Scene3.html
		Act5Scene4.html = Act5Scene4.html
		Act5Scene5.html = Act5Scene5.html
		Act5Scene6.html = Act5Scene6.html
		Act5Scene7.html = Act5Scene7.html
		Act5Scene8.html = Act5Scene8.html
		Contents\banner.html = Contents\banner.html
		dramatis personae.html = dramatis personae.html
		HideHeader.js = HideHeader.js
		Contents\navbar.html = Contents\navbar.html
		StyleSheet2.css = StyleSheet2.css
	EndProjectSection
EndProject
Project("{2150E333-8FDC-42A3-9474-1A3956D46DE8}") = "Solution Items", "Solution Items", "{6399E411-C595-4310-B010-2E4D2DDB778E}"
	ProjectSection(SolutionItems) = preProject
		index.shtml = index.shtml
		Source\Macbeth.txt = Source\Macbeth.txt
		style.css = style.css
	EndProjectSection
EndProject
Project("{2150E333-8FDC-42A3-9474-1A3956D46DE8}") = "Scripts", "Scripts", "{D9375EC7-5737-4F3D-9496-4D0B428FECED}"
	ProjectSection(SolutionItems) = preProject
		Scripts\ChangeBanner.js = Scripts\ChangeBanner.js
	EndProjectSection
EndProject
Global
	GlobalSection(SolutionProperties) = preSolution
		HideSolutionNode = FALSE
	EndGlobalSection
	GlobalSection(ExtensibilityGlobals) = postSolution
		SolutionGuid = {93CB8F3E-5419-47B5-BF18-45ED2B55AA3C}
	EndGlobalSection
EndGlobal
